
Microsoft Visual Studio Solution File, Format Version 12.00
# Visual Studio 2015
Project("{FAE04EC0-301F-11D3-BF4B-00C04F79EFBC}") = "Obama-s-go-olden-tissue.CSharp", "Obama-s-go-olden-tissue.CSharp.csproj", "{746ED67C-5D2F-61B3-DA9E-D11EA10BE450}"
EndProject
Global
	GlobalSection(SolutionConfigurationPlatforms) = preSolution
		Debug|Any CPU = Debug|Any CPU
		Release|Any CPU = Release|Any CPU
	EndGlobalSection
	GlobalSection(ProjectConfigurationPlatforms) = postSolution
		{746ED67C-5D2F-61B3-DA9E-D11EA10BE450}.Debug|Any CPU.ActiveCfg = Debug|Any CPU
		{746ED67C-5D2F-61B3-DA9E-D11EA10BE450}.Debug|Any CPU.Build.0 = Debug|Any CPU
		{746ED67C-5D2F-61B3-DA9E-D11EA10BE450}.Release|Any CPU.ActiveCfg = Release|Any CPU
		{746ED67C-5D2F-61B3-DA9E-D11EA10BE450}.Release|Any CPU.Build.0 = Release|Any CPU
	EndGlobalSection
	GlobalSection(SolutionProperties) = preSolution
		HideSolutionNode = FALSE
	EndGlobalSection
EndGlobal
